
Microsoft Visual Studio Solution File, Format Version 12.00
# Visual Studio Version 17
VisualStudioVersion = 17.6.33829.357
MinimumVisualStudioVersion = 10.0.40219.1
Project("{9A19103F-16F7-4668-BE54-9A1E7A4F7556}") = "QuanLyThueTro", "QuanLyThueTro\QuanLyThueTro.csproj", "{2D9E2100-55D9-44E9-AEB7-85E7CBABC72E}"
EndProject
Project("{9A19103F-16F7-4668-BE54-9A1E7A4F7556}") = "Client_QuanLythueTro", "Client_QuanLythueTro\Client_QuanLythueTro.csproj", "{4ABAD44A-3FA0-4284-8B08-D3F3A57C64E5}"
EndProject
Global
	GlobalSection(SolutionConfigurationPlatforms) = preSolution
		Debug|Any CPU = Debug|Any CPU
		Release|Any CPU = Release|Any CPU
	EndGlobalSection
	GlobalSection(ProjectConfigurationPlatforms) = postSolution
		{2D9E2100-55D9-44E9-AEB7-85E7CBABC72E}.Debug|Any CPU.ActiveCfg = Debug|Any CPU
		{2D9E2100-55D9-44E9-AEB7-85E7CBABC72E}.Debug|Any CPU.Build.0 = Debug|Any CPU
		{2D9E2100-55D9-44E9-AEB7-85E7CBABC72E}.Release|Any CPU.ActiveCfg = Release|Any CPU
		{2D9E2100-55D9-44E9-AEB7-85E7CBABC72E}.Release|Any CPU.Build.0 = Release|Any CPU
		{4ABAD44A-3FA0-4284-8B08-D3F3A57C64E5}.Debug|Any CPU.ActiveCfg = Debug|Any CPU
		{4ABAD44A-3FA0-4284-8B08-D3F3A57C64E5}.Debug|Any CPU.Build.0 = Debug|Any CPU
		{4ABAD44A-3FA0-4284-8B08-D3F3A57C64E5}.Release|Any CPU.ActiveCfg = Release|Any CPU
		{4ABAD44A-3FA0-4284-8B08-D3F3A57C64E5}.Release|Any CPU.Build.0 = Release|Any CPU
	EndGlobalSection
	GlobalSection(SolutionProperties) = preSolution
		HideSolutionNode = FALSE
	EndGlobalSection
	GlobalSection(ExtensibilityGlobals) = postSolution
		SolutionGuid = {2CA7B113-D188-41B7-B574-19B065FAD00B}
	EndGlobalSection
EndGlobal
